
Microsoft Visual Studio Solution File, Format Version 12.00
# Visual Studio 14
VisualStudioVersion = 14.0.25420.1
MinimumVisualStudioVersion = 10.0.40219.1
Project("{8BC9CEB8-8B4A-11D0-8D11-00A0C91BC942}") = "xtraction", "tools\xtraction\xtraction.vcxproj", "{FBD7C662-C1A3-4A7F-9DE4-9AD272D75D10}"
EndProject
Project("{2150E333-8FDC-42A3-9474-1A3956D46DE8}") = "Unit-Test", "Unit-Test", "{C71CF052-79DA-4EA2-BB57-9FA15CDF53D2}"
EndProject
Project("{8BC9CEB8-8B4A-11D0-8D11-00A0C91BC942}") = "valuation", "tools\valuation\valuation.vcxproj", "{38AD6F71-39FA-4AAA-8619-D238E10B5D3A}"
EndProject
Project("{2150E333-8FDC-42A3-9474-1A3956D46DE8}") = "Tools", "Tools", "{8CF699E9-48D7-4750-B6C6-4C041A0C952B}"
EndProject
Project("{2150E333-8FDC-42A3-9474-1A3956D46DE8}") = "Util", "Util", "{36526777-511A-48FC-BF69-6A46878807C8}"
EndProject
Project("{8BC9CEB8-8B4A-11D0-8D11-00A0C91BC942}") = "datainfo", "tools\datainfo\datainfo.vcxproj", "{9A7FA002-94CE-4EF0-BD95-44C1BFBD5375}"
EndProject
Project("{8BC9CEB8-8B4A-11D0-8D11-00A0C91BC942}") = "dataconst", "tools\dataconstruction\dataconstruction.vcxproj", "{5A62147D-34D8-49E4-BF5E-A66E94C06B51}"
EndProject
Project("{8BC9CEB8-8B4A-11D0-8D11-00A0C91BC942}") = "cpluslogger", "libs\cpluslogger\vs\cpluslogger.vcxproj", "{8DA23BF9-79EA-47F0-92B8-6538241EF7E8}"
EndProject
Project("{8BC9CEB8-8B4A-11D0-8D11-00A0C91BC942}") = "cplusutil", "libs\cplusutil\vs\cplusutil.vcxproj", "{006D52F0-0ECC-43BF-B5DA-E2B9A38D9727}"
EndProject
Project("{8BC9CEB8-8B4A-11D0-8D11-00A0C91BC942}") = "defuse", "defuse\vs\defuse.vcxproj", "{7A073147-48A8-44DE-9997-9D049FE510FD}"
EndProject
Global
	GlobalSection(SolutionConfigurationPlatforms) = preSolution
		Debug|x64 = Debug|x64
		Debug|x86 = Debug|x86
		Release|x64 = Release|x64
		Release|x86 = Release|x86
	EndGlobalSection
	GlobalSection(ProjectConfigurationPlatforms) = postSolution
		{FBD7C662-C1A3-4A7F-9DE4-9AD272D75D10}.Debug|x64.ActiveCfg = Debug|x64
		{FBD7C662-C1A3-4A7F-9DE4-9AD272D75D10}.Debug|x64.Build.0 = Debug|x64
		{FBD7C662-C1A3-4A7F-9DE4-9AD272D75D10}.Debug|x86.ActiveCfg = Debug|Win32
		{FBD7C662-C1A3-4A7F-9DE4-9AD272D75D10}.Debug|x86.Build.0 = Debug|Win32
		{FBD7C662-C1A3-4A7F-9DE4-9AD272D75D10}.Release|x64.ActiveCfg = Release|x64
		{FBD7C662-C1A3-4A7F-9DE4-9AD272D75D10}.Release|x64.Build.0 = Release|x64
		{FBD7C662-C1A3-4A7F-9DE4-9AD272D75D10}.Release|x86.ActiveCfg = Release|Win32
		{FBD7C662-C1A3-4A7F-9DE4-9AD272D75D10}.Release|x86.Build.0 = Release|Win32
		{38AD6F71-39FA-4AAA-8619-D238E10B5D3A}.Debug|x64.ActiveCfg = Debug|x64
		{38AD6F71-39FA-4AAA-8619-D238E10B5D3A}.Debug|x64.Build.0 = Debug|x64
		{38AD6F71-39FA-4AAA-8619-D238E10B5D3A}.Debug|x86.ActiveCfg = Debug|Win32
		{38AD6F71-39FA-4AAA-8619-D238E10B5D3A}.Debug|x86.Build.0 = Debug|Win32
		{38AD6F71-39FA-4AAA-8619-D238E10B5D3A}.Release|x64.ActiveCfg = Release|x64
		{38AD6F71-39FA-4AAA-8619-D238E10B5D3A}.Release|x64.Build.0 = Release|x64
		{38AD6F71-39FA-4AAA-8619-D238E10B5D3A}.Release|x86.ActiveCfg = Release|Win32
		{38AD6F71-39FA-4AAA-8619-D238E10B5D3A}.Release|x86.Build.0 = Release|Win32
		{9A7FA002-94CE-4EF0-BD95-44C1BFBD5375}.Debug|x64.ActiveCfg = Debug|x64
		{9A7FA002-94CE-4EF0-BD95-44C1BFBD5375}.Debug|x64.Build.0 = Debug|x64
		{9A7FA002-94CE-4EF0-BD95-44C1BFBD5375}.Debug|x86.ActiveCfg = Debug|Win32
		{9A7FA002-94CE-4EF0-BD95-44C1BFBD5375}.Debug|x86.Build.0 = Debug|Win32
		{9A7FA002-94CE-4EF0-BD95-44C1BFBD5375}.Release|x64.ActiveCfg = Release|x64
		{9A7FA002-94CE-4EF0-BD95-44C1BFBD5375}.Release|x64.Build.0 = Release|x64
		{9A7FA002-94CE-4EF0-BD95-44C1BFBD5375}.Release|x86.ActiveCfg = Release|Win32
		{9A7FA002-94CE-4EF0-BD95-44C1BFBD5375}.Release|x86.Build.0 = Release|Win32
		{5A62147D-34D8-49E4-BF5E-A66E94C06B51}.Debug|x64.ActiveCfg = Debug|x64
		{5A62147D-34D8-49E4-BF5E-A66E94C06B51}.Debug|x64.Build.0 = Debug|x64
		{5A62147D-34D8-49E4-BF5E-A66E94C06B51}.Debug|x86.ActiveCfg = Debug|Win32
		{5A62147D-34D8-49E4-BF5E-A66E94C06B51}.Debug|x86.Build.0 = Debug|Win32
		{5A62147D-34D8-49E4-BF5E-A66E94C06B51}.Release|x64.ActiveCfg = Release|x64
		{5A62147D-34D8-49E4-BF5E-A66E94C06B51}.Release|x64.Build.0 = Release|x64
		{5A62147D-34D8-49E4-BF5E-A66E94C06B51}.Release|x86.ActiveCfg = Release|Win32
		{5A62147D-34D8-49E4-BF5E-A66E94C06B51}.Release|x86.Build.0 = Release|Win32
		{8DA23BF9-79EA-47F0-92B8-6538241EF7E8}.Debug|x64.ActiveCfg = Debug|x64
		{8DA23BF9-79EA-47F0-92B8-6538241EF7E8}.Debug|x64.Build.0 = Debug|x64
		{8DA23BF9-79EA-47F0-92B8-6538241EF7E8}.Debug|x86.ActiveCfg = Debug|Win32
		{8DA23BF9-79EA-47F0-92B8-6538241EF7E8}.Debug|x86.Build.0 = Debug|Win32
		{8DA23BF9-79EA-47F0-92B8-6538241EF7E8}.Release|x64.ActiveCfg = Release|x64
		{8DA23BF9-79EA-47F0-92B8-6538241EF7E8}.Release|x64.Build.0 = Release|x64
		{8DA23BF9-79EA-47F0-92B8-6538241EF7E8}.Release|x86.ActiveCfg = Release|Win32
		{8DA23BF9-79EA-47F0-92B8-6538241EF7E8}.Release|x86.Build.0 = Release|Win32
		{006D52F0-0ECC-43BF-B5DA-E2B9A38D9727}.Debug|x64.ActiveCfg = Debug|x64
		{006D52F0-0ECC-43BF-B5DA-E2B9A38D9727}.Debug|x64.Build.0 = Debug|x64
		{006D52F0-0ECC-43BF-B5DA-E2B9A38D9727}.Debug|x86.ActiveCfg = Debug|Win32
		{006D52F0-0ECC-43BF-B5DA-E2B9A38D9727}.Debug|x86.Build.0 = Debug|Win32
		{006D52F0-0ECC-43BF-B5DA-E2B9A38D9727}.Release|x64.ActiveCfg = Release|x64
		{006D52F0-0ECC-43BF-B5DA-E2B9A38D9727}.Release|x64.Build.0 = Release|x64
		{006D52F0-0ECC-43BF-B5DA-E2B9A38D9727}.Release|x86.ActiveCfg = Release|Win32
		{006D52F0-0ECC-43BF-B5DA-E2B9A38D9727}.Release|x86.Build.0 = Release|Win32
		{7A073147-48A8-44DE-9997-9D049FE510FD}.Debug|x64.ActiveCfg = Debug|x64
		{7A073147-48A8-44DE-9997-9D049FE510FD}.Debug|x64.Build.0 = Debug|x64
		{7A073147-48A8-44DE-9997-9D049FE510FD}.Debug|x86.ActiveCfg = Debug|Win32
		{7A073147-48A8-44DE-9997-9D049FE510FD}.Debug|x86.Build.0 = Debug|Win32
		{7A073147-48A8-44DE-9997-9D049FE510FD}.Release|x64.ActiveCfg = Release|x64
		{7A073147-48A8-44DE-9997-9D049FE510FD}.Release|x64.Build.0 = Release|x64
		{7A073147-48A8-44DE-9997-9D049FE510FD}.Release|x86.ActiveCfg = Release|Win32
		{7A073147-48A8-44DE-9997-9D049FE510FD}.Release|x86.Build.0 = Release|Win32
	EndGlobalSection
	GlobalSection(SolutionProperties) = preSolution
		HideSolutionNode = FALSE
	EndGlobalSection
	GlobalSection(NestedProjects) = preSolution
		{FBD7C662-C1A3-4A7F-9DE4-9AD272D75D10} = {8CF699E9-48D7-4750-B6C6-4C041A0C952B}
		{38AD6F71-39FA-4AAA-8619-D238E10B5D3A} = {8CF699E9-48D7-4750-B6C6-4C041A0C952B}
		{9A7FA002-94CE-4EF0-BD95-44C1BFBD5375} = {8CF699E9-48D7-4750-B6C6-4C041A0C952B}
		{5A62147D-34D8-49E4-BF5E-A66E94C06B51} = {8CF699E9-48D7-4750-B6C6-4C041A0C952B}
		{8DA23BF9-79EA-47F0-92B8-6538241EF7E8} = {36526777-511A-48FC-BF69-6A46878807C8}
		{006D52F0-0ECC-43BF-B5DA-E2B9A38D9727} = {36526777-511A-48FC-BF69-6A46878807C8}
	EndGlobalSection
EndGlobal
