<?xml version="1.0" encoding="utf-8"?>
<Project ToolsVersion="4.0" xmlns="http://schemas.microsoft.com/developer/msbuild/2003">
  <ItemGroup>
    <Filter Include="Quelldateien">
      <UniqueIdentifier>{4FC737F1-C7A5-4376-A066-2A32D752A2FF}</UniqueIdentifier>
      <Extensions>cpp;c;cc;cxx;def;odl;idl;hpj;bat;asm;asmx</Extensions>
    </Filter>
    <Filter Include="Headerdateien">
      <UniqueIdentifier>{93995380-89BD-4b04-88EB-625FBE52EBFB}</UniqueIdentifier>
      <Extensions>h;hh;hpp;hxx;hm;inl;inc;xsd</Extensions>
    </Filter>
    <Filter Include="Ressourcendateien">
      <UniqueIdentifier>{67DA6AB6-F800-4c08-8B7A-83BB121AAD01}</UniqueIdentifier>
      <Extensions>rc;ico;cur;bmp;dlg;rc2;rct;bin;rgs;gif;jpg;jpeg;jpe;resx;tiff;tif;png;wav;mfcribbon-ms</Extensions>
    </Filter>
    <Filter Include="PCTSignatures">
      <UniqueIdentifier>{1a3f6e2f-e201-456d-b371-ce0d4d734c8f}</UniqueIdentifier>
    </Filter>
    <Filter Include="DFSV1Signatures">
      <UniqueIdentifier>{e3c915b2-6177-489a-bfab-a9aa86b6d5b3}</UniqueIdentifier>
    </Filter>
    <Filter Include="CHistLib">
      <UniqueIdentifier>{b8ca5ba2-1751-41da-8170-5a0e3fec96e8}</UniqueIdentifier>
    </Filter>
  </ItemGroup>
  <ItemGroup>
    <ClCompile Include="..\src\parameter.cpp">
      <Filter>Quelldateien</Filter>
    </ClCompile>
    <ClCompile Include="..\src\videobase.cpp">
      <Filter>Quelldateien</Filter>
    </ClCompile>
    <ClCompile Include="..\src\xtractor.cpp">
      <Filter>Quelldateien</Filter>
    </ClCompile>
    <ClCompile Include="..\src\defuse_info.cpp">
      <Filter>Quelldateien</Filter>
    </ClCompile>
    <ClCompile Include="..\src\features.cpp">
      <Filter>Quelldateien</Filter>
    </ClCompile>
    <ClCompile Include="..\src\similarity\evaluatedquery.cpp">
      <Filter>Quelldateien</Filter>
    </ClCompile>
    <ClCompile Include="..\src\similarity\gd1parameter.cpp">
      <Filter>Quelldateien</Filter>
    </ClCompile>
    <ClCompile Include="..\src\similarity\mahalanobis1.cpp">
      <Filter>Quelldateien</Filter>
    </ClCompile>
    <ClCompile Include="..\src\similarity\minkowski1.cpp">
      <Filter>Quelldateien</Filter>
    </ClCompile>
    <ClCompile Include="..\src\similarity\resultbase.cpp">
      <Filter>Quelldateien</Filter>
    </ClCompile>
    <ClCompile Include="..\src\similarity\smd1.cpp">
      <Filter>Quelldateien</Filter>
    </ClCompile>
    <ClCompile Include="..\src\similarity\sqfd1.cpp">
      <Filter>Quelldateien</Filter>
    </ClCompile>
    <ClCompile Include="..\src\descriptor\dfs1parameter.cpp">
      <Filter>Quelldateien</Filter>
    </ClCompile>
    <ClCompile Include="..\src\descriptor\dfs1xtractor.cpp">
      <Filter>Quelldateien</Filter>
    </ClCompile>
    <ClCompile Include="..\src\descriptor\dfs2parameter.cpp">
      <Filter>Quelldateien</Filter>
    </ClCompile>
    <ClCompile Include="..\src\descriptor\dfs2xtractor.cpp">
      <Filter>Quelldateien</Filter>
    </ClCompile>
    <ClCompile Include="..\src\descriptor\featuresignatures.cpp">
      <Filter>Quelldateien</Filter>
    </ClCompile>
    <ClCompile Include="..\src\descriptor\mohist1parameter.cpp">
      <Filter>Quelldateien</Filter>
    </ClCompile>
    <ClCompile Include="..\src\descriptor\mohist1xtractor.cpp">
      <Filter>Quelldateien</Filter>
    </ClCompile>
    <ClCompile Include="..\src\descriptor\motionhistogram.cpp">
      <Filter>Quelldateien</Filter>
    </ClCompile>
    <ClCompile Include="..\src\descriptor\sfs1parameter.cpp">
      <Filter>Quelldateien</Filter>
    </ClCompile>
    <ClCompile Include="..\src\descriptor\sfs1xtractor.cpp">
      <Filter>Quelldateien</Filter>
    </ClCompile>
    <ClCompile Include="..\src\descriptor\featsig\src\grayscale_bitmap.cpp">
      <Filter>PCTSignatures</Filter>
    </ClCompile>
    <ClCompile Include="..\src\descriptor\featsig\src\pct_clusterizer.cpp">
      <Filter>PCTSignatures</Filter>
    </ClCompile>
    <ClCompile Include="..\src\descriptor\featsig\src\pct_sampler.cpp">
      <Filter>PCTSignatures</Filter>
    </ClCompile>
    <ClCompile Include="..\src\descriptor\featsig\src\pct_signatures.cpp">
      <Filter>PCTSignatures</Filter>
    </ClCompile>
    <ClCompile Include="..\src\descriptor\cnn\cnnfeatures.cpp">
      <Filter>Quelldateien</Filter>
    </ClCompile>
    <ClCompile Include="..\src\descriptor\dfeatsig_v1\src\tpct_signatures.cpp">
      <Filter>DFSV1Signatures</Filter>
    </ClCompile>
    <ClCompile Include="..\src\descriptor\util\samplepoints.cpp">
      <Filter>Quelldateien</Filter>
    </ClCompile>
    <ClCompile Include="..\..\libs\opencv-histlib\src\histLib.cpp">
      <Filter>CHistLib</Filter>
    </ClCompile>
  </ItemGroup>
  <ItemGroup>
    <ClInclude Include="..\src\features.hpp">
      <Filter>Headerdateien</Filter>
    </ClInclude>
    <ClInclude Include="..\src\parameter.hpp">
      <Filter>Headerdateien</Filter>
    </ClInclude>
    <ClInclude Include="..\src\videobase.hpp">
      <Filter>Headerdateien</Filter>
    </ClInclude>
    <ClInclude Include="..\src\xtractor.hpp">
      <Filter>Headerdateien</Filter>
    </ClInclude>
    <ClInclude Include="..\src\similarity\distance.hpp">
      <Filter>Headerdateien</Filter>
    </ClInclude>
    <ClInclude Include="..\src\similarity\evaluatedquery.hpp">
      <Filter>Headerdateien</Filter>
    </ClInclude>
    <ClInclude Include="..\src\similarity\mahalanobis1.hpp">
      <Filter>Headerdateien</Filter>
    </ClInclude>
    <ClInclude Include="..\src\similarity\mahalanobis1parameter.hpp">
      <Filter>Headerdateien</Filter>
    </ClInclude>
    <ClInclude Include="..\src\similarity\minkowski1.hpp">
      <Filter>Headerdateien</Filter>
    </ClInclude>
    <ClInclude Include="..\src\similarity\minkowski1parameter.hpp">
      <Filter>Headerdateien</Filter>
    </ClInclude>
    <ClInclude Include="..\src\similarity\resultbase.hpp">
      <Filter>Headerdateien</Filter>
    </ClInclude>
    <ClInclude Include="..\src\similarity\smd1.hpp">
      <Filter>Headerdateien</Filter>
    </ClInclude>
    <ClInclude Include="..\src\similarity\smd1parameter.hpp">
      <Filter>Headerdateien</Filter>
    </ClInclude>
    <ClInclude Include="..\src\similarity\sqfd1.hpp">
      <Filter>Headerdateien</Filter>
    </ClInclude>
    <ClInclude Include="..\src\similarity\sqfd1parameter.hpp">
      <Filter>Headerdateien</Filter>
    </ClInclude>
    <ClInclude Include="..\src\descriptor\dfs1parameter.hpp">
      <Filter>Headerdateien</Filter>
    </ClInclude>
    <ClInclude Include="..\src\descriptor\dfs1xtractor.hpp">
      <Filter>Headerdateien</Filter>
    </ClInclude>
    <ClInclude Include="..\src\descriptor\dfs2parameter.hpp">
      <Filter>Headerdateien</Filter>
    </ClInclude>
    <ClInclude Include="..\src\descriptor\dfs2xtractor.hpp">
      <Filter>Headerdateien</Filter>
    </ClInclude>
    <ClInclude Include="..\src\descriptor\featuresignatures.hpp">
      <Filter>Headerdateien</Filter>
    </ClInclude>
    <ClInclude Include="..\src\descriptor\mohist1parameter.hpp">
      <Filter>Headerdateien</Filter>
    </ClInclude>
    <ClInclude Include="..\src\descriptor\mohist1xtractor.hpp">
      <Filter>Headerdateien</Filter>
    </ClInclude>
    <ClInclude Include="..\src\descriptor\motionhistogram.hpp">
      <Filter>Headerdateien</Filter>
    </ClInclude>
    <ClInclude Include="..\src\descriptor\sfs1parameter.hpp">
      <Filter>Headerdateien</Filter>
    </ClInclude>
    <ClInclude Include="..\src\descriptor\sfs1xtractor.hpp">
      <Filter>Headerdateien</Filter>
    </ClInclude>
    <ClInclude Include="..\src\descriptor\featsig\include\signatures.h">
      <Filter>PCTSignatures</Filter>
    </ClInclude>
    <ClInclude Include="..\src\descriptor\featsig\src\constants.hpp">
      <Filter>PCTSignatures</Filter>
    </ClInclude>
    <ClInclude Include="..\src\descriptor\featsig\src\distance.hpp">
      <Filter>PCTSignatures</Filter>
    </ClInclude>
    <ClInclude Include="..\src\descriptor\featsig\src\grayscale_bitmap.hpp">
      <Filter>PCTSignatures</Filter>
    </ClInclude>
    <ClInclude Include="..\src\descriptor\featsig\src\pct_clusterizer.hpp">
      <Filter>PCTSignatures</Filter>
    </ClInclude>
    <ClInclude Include="..\src\descriptor\featsig\src\pct_sampler.hpp">
      <Filter>PCTSignatures</Filter>
    </ClInclude>
    <ClInclude Include="..\src\descriptor\featsig\src\pct_signatures.hpp">
      <Filter>PCTSignatures</Filter>
    </ClInclude>
    <ClInclude Include="..\src\descriptor\featsig\src\similarity.hpp">
      <Filter>PCTSignatures</Filter>
    </ClInclude>
    <ClInclude Include="..\src\descriptor\cnn\cnnfeatures.hpp">
      <Filter>Headerdateien</Filter>
    </ClInclude>
    <ClInclude Include="..\src\descriptor\dfeatsig_v1\include\signatures.h">
      <Filter>DFSV1Signatures</Filter>
    </ClInclude>
    <ClInclude Include="..\src\descriptor\dfeatsig_v1\src\constants.h">
      <Filter>DFSV1Signatures</Filter>
    </ClInclude>
    <ClInclude Include="..\src\descriptor\dfeatsig_v1\src\tf_signatures.h">
      <Filter>DFSV1Signatures</Filter>
    </ClInclude>
    <ClInclude Include="..\src\descriptor\dfeatsig_v1\src\tpct_signatures.hpp">
      <Filter>DFSV1Signatures</Filter>
    </ClInclude>
    <ClInclude Include="..\src\descriptor\util\samplepoints.hpp">
      <Filter>Headerdateien</Filter>
    </ClInclude>
  </ItemGroup>
</Project>